
Microsoft Visual Studio Solution File, Format Version 12.00
# Visual Studio Version 17
VisualStudioVersion = 17.0.31919.166
MinimumVisualStudioVersion = 10.0.40219.1
Project("{FAE04EC0-301F-11D3-BF4B-00C04F79EFBC}") = "XamarinPredavanje.Android", "XamarinPredavanje\XamarinPredavanje.Android\XamarinPredavanje.Android.csproj", "{DEEFA474-5E03-4AFC-8159-D46A8FD21995}"
EndProject
Project("{FAE04EC0-301F-11D3-BF4B-00C04F79EFBC}") = "XamarinPredavanje", "XamarinPredavanje\XamarinPredavanje\XamarinPredavanje.csproj", "{1DB42FD7-DC16-43AC-A878-AD92F4414FF7}"
EndProject
Global
	GlobalSection(SolutionConfigurationPlatforms) = preSolution
		Debug|Any CPU = Debug|Any CPU
		Release|Any CPU = Release|Any CPU
	EndGlobalSection
	GlobalSection(ProjectConfigurationPlatforms) = postSolution
		{DEEFA474-5E03-4AFC-8159-D46A8FD21995}.Debug|Any CPU.ActiveCfg = Debug|Any CPU
		{DEEFA474-5E03-4AFC-8159-D46A8FD21995}.Debug|Any CPU.Build.0 = Debug|Any CPU
		{DEEFA474-5E03-4AFC-8159-D46A8FD21995}.Debug|Any CPU.Deploy.0 = Debug|Any CPU
		{DEEFA474-5E03-4AFC-8159-D46A8FD21995}.Release|Any CPU.ActiveCfg = Release|Any CPU
		{DEEFA474-5E03-4AFC-8159-D46A8FD21995}.Release|Any CPU.Build.0 = Release|Any CPU
		{DEEFA474-5E03-4AFC-8159-D46A8FD21995}.Release|Any CPU.Deploy.0 = Release|Any CPU
		{1DB42FD7-DC16-43AC-A878-AD92F4414FF7}.Debug|Any CPU.ActiveCfg = Debug|Any CPU
		{1DB42FD7-DC16-43AC-A878-AD92F4414FF7}.Debug|Any CPU.Build.0 = Debug|Any CPU
		{1DB42FD7-DC16-43AC-A878-AD92F4414FF7}.Debug|Any CPU.Deploy.0 = Debug|Any CPU
		{1DB42FD7-DC16-43AC-A878-AD92F4414FF7}.Release|Any CPU.ActiveCfg = Release|Any CPU
		{1DB42FD7-DC16-43AC-A878-AD92F4414FF7}.Release|Any CPU.Build.0 = Release|Any CPU
		{1DB42FD7-DC16-43AC-A878-AD92F4414FF7}.Release|Any CPU.Deploy.0 = Release|Any CPU
	EndGlobalSection
	GlobalSection(SolutionProperties) = preSolution
		HideSolutionNode = FALSE
	EndGlobalSection
	GlobalSection(ExtensibilityGlobals) = postSolution
		SolutionGuid = {2816EF98-F134-46A5-BAE7-DBFBF175BA04}
	EndGlobalSection
EndGlobal
